// !$*UTF8*$!
{
	archiveVersion = 1;
	classes = {
	};
	objectVersion = 55;
	objects = {

/* Begin PBXBuildFile section */
		453DA58A27809274002C919B /* ScoreViewController.swift in Sources */ = {isa = PBXBuildFile; fileRef = 453DA58927809274002C919B /* ScoreViewController.swift */; };
		454A8A34277A015D003CE9CD /* AppDelegate.swift in Sources */ = {isa = PBXBuildFile; fileRef = 454A8A33277A015D003CE9CD /* AppDelegate.swift */; };
		454A8A36277A015D003CE9CD /* SceneDelegate.swift in Sources */ = {isa = PBXBuildFile; fileRef = 454A8A35277A015D003CE9CD /* SceneDelegate.swift */; };
		454A8A38277A015D003CE9CD /* PlayViewController.swift in Sources */ = {isa = PBXBuildFile; fileRef = 454A8A37277A015D003CE9CD /* PlayViewController.swift */; };
		454A8A3B277A015D003CE9CD /* Main.storyboard in Resources */ = {isa = PBXBuildFile; fileRef = 454A8A39277A015D003CE9CD /* Main.storyboard */; };
		454A8A3E277A015D003CE9CD /* quizApp.xcdatamodeld in Sources */ = {isa = PBXBuildFile; fileRef = 454A8A3C277A015D003CE9CD /* quizApp.xcdatamodeld */; };
		454A8A40277A015E003CE9CD /* Assets.xcassets in Resources */ = {isa = PBXBuildFile; fileRef = 454A8A3F277A015E003CE9CD /* Assets.xcassets */; };
		454A8A43277A015E003CE9CD /* LaunchScreen.storyboard in Resources */ = {isa = PBXBuildFile; fileRef = 454A8A41277A015E003CE9CD /* LaunchScreen.storyboard */; };
		454A8A4E277A0222003CE9CD /* Question.swift in Sources */ = {isa = PBXBuildFile; fileRef = 454A8A4D277A0222003CE9CD /* Question.swift */; };
		454A8A50277A0320003CE9CD /* QuizBrain.swift in Sources */ = {isa = PBXBuildFile; fileRef = 454A8A4F277A0320003CE9CD /* QuizBrain.swift */; };
		454A8A52277A561C003CE9CD /* MainViewController.swift in Sources */ = {isa = PBXBuildFile; fileRef = 454A8A51277A561C003CE9CD /* MainViewController.swift */; };
/* End PBXBuildFile section */

/* Begin PBXFileReference section */
		453DA58927809274002C919B /* ScoreViewController.swift */ = {isa = PBXFileReference; lastKnownFileType = sourcecode.swift; path = ScoreViewController.swift; sourceTree = "<group>"; };
		454A8A30277A015D003CE9CD /* quizApp.app */ = {isa = PBXFileReference; explicitFileType = wrapper.application; includeInIndex = 0; path = quizApp.app; sourceTree = BUILT_PRODUCTS_DIR; };
		454A8A33277A015D003CE9CD /* AppDelegate.swift */ = {isa = PBXFileReference; lastKnownFileType = sourcecode.swift; path = AppDelegate.swift; sourceTree = "<group>"; };
		454A8A35277A015D003CE9CD /* SceneDelegate.swift */ = {isa = PBXFileReference; lastKnownFileType = sourcecode.swift; path = SceneDelegate.swift; sourceTree = "<group>"; };
		454A8A37277A015D003CE9CD /* PlayViewController.swift */ = {isa = PBXFileReference; lastKnownFileType = sourcecode.swift; path = PlayViewController.swift; sourceTree = "<group>"; };
		454A8A3A277A015D003CE9CD /* Base */ = {isa = PBXFileReference; lastKnownFileType = file.storyboard; name = Base; path = Base.lproj/Main.storyboard; sourceTree = "<group>"; };
		454A8A3D277A015D003CE9CD /* quizApp.xcdatamodel */ = {isa = PBXFileReference; lastKnownFileType = wrapper.xcdatamodel; path = quizApp.xcdatamodel; sourceTree = "<group>"; };
		454A8A3F277A015E003CE9CD /* Assets.xcassets */ = {isa = PBXFileReference; lastKnownFileType = folder.assetcatalog; path = Assets.xcassets; sourceTree = "<group>"; };
		454A8A42277A015E003CE9CD /* Base */ = {isa = PBXFileReference; lastKnownFileType = file.storyboard; name = Base; path = Base.lproj/LaunchScreen.storyboard; sourceTree = "<group>"; };
		454A8A44277A015E003CE9CD /* Info.plist */ = {isa = PBXFileReference; lastKnownFileType = text.plist.xml; path = Info.plist; sourceTree = "<group>"; };
		454A8A4D277A0222003CE9CD /* Question.swift */ = {isa = PBXFileReference; lastKnownFileType = sourcecode.swift; path = Question.swift; sourceTree = "<group>"; };
		454A8A4F277A0320003CE9CD /* QuizBrain.swift */ = {isa = PBXFileReference; lastKnownFileType = sourcecode.swift; path = QuizBrain.swift; sourceTree = "<group>"; };
		454A8A51277A561C003CE9CD /* MainViewController.swift */ = {isa = PBXFileReference; lastKnownFileType = sourcecode.swift; path = MainViewController.swift; sourceTree = "<group>"; };
/* End PBXFileReference section */

/* Begin PBXFrameworksBuildPhase section */
		454A8A2D277A015D003CE9CD /* Frameworks */ = {
			isa = PBXFrameworksBuildPhase;
			buildActionMask = 2147483647;
			files = (
			);
			runOnlyForDeploymentPostprocessing = 0;
		};
/* End PBXFrameworksBuildPhase section */

/* Begin PBXGroup section */
		454A8A27277A015D003CE9CD = {
			isa = PBXGroup;
			children = (
				454A8A32277A015D003CE9CD /* quizApp */,
				454A8A31277A015D003CE9CD /* Products */,
			);
			sourceTree = "<group>";
		};
		454A8A31277A015D003CE9CD /* Products */ = {
			isa = PBXGroup;
			children = (
				454A8A30277A015D003CE9CD /* quizApp.app */,
			);
			name = Products;
			sourceTree = "<group>";
		};
		454A8A32277A015D003CE9CD /* quizApp */ = {
			isa = PBXGroup;
			children = (
				454A8A4A277A01B0003CE9CD /* Model */,
				454A8A4B277A01BD003CE9CD /* View */,
				454A8A4C277A01C5003CE9CD /* Controller */,
				454A8A33277A015D003CE9CD /* AppDelegate.swift */,
				454A8A35277A015D003CE9CD /* SceneDelegate.swift */,
				454A8A3F277A015E003CE9CD /* Assets.xcassets */,
				454A8A41277A015E003CE9CD /* LaunchScreen.storyboard */,
				454A8A44277A015E003CE9CD /* Info.plist */,
				454A8A3C277A015D003CE9CD /* quizApp.xcdatamodeld */,
			);
			path = quizApp;
			sourceTree = "<group>";
		};
		454A8A4A277A01B0003CE9CD /* Model */ = {
			isa = PBXGroup;
			children = (
				454A8A4D277A0222003CE9CD /* Question.swift */,
				454A8A4F277A0320003CE9CD /* QuizBrain.swift */,
			);
			path = Model;
			sourceTree = "<group>";
		};
		454A8A4B277A01BD003CE9CD /* View */ = {
			isa = PBXGroup;
			children = (
				454A8A39277A015D003CE9CD /* Main.storyboard */,
			);
			path = View;
			sourceTree = "<group>";
		};
		454A8A4C277A01C5003CE9CD /* Controller */ = {
			isa = PBXGroup;
			children = (
				454A8A51277A561C003CE9CD /* MainViewController.swift */,
				454A8A37277A015D003CE9CD /* PlayViewController.swift */,
				453DA58927809274002C919B /* ScoreViewController.swift */,
			);
			path = Controller;
			sourceTree = "<group>";
		};
/* End PBXGroup section */

/* Begin PBXNativeTarget section */
		454A8A2F277A015D003CE9CD /* quizApp */ = {
			isa = PBXNativeTarget;
			buildConfigurationList = 454A8A47277A015E003CE9CD /* Build configuration list for PBXNativeTarget "quizApp" */;
			buildPhases = (
				454A8A2C277A015D003CE9CD /* Sources */,
				454A8A2D277A015D003CE9CD /* Frameworks */,
				454A8A2E277A015D003CE9CD /* Resources */,
			);
			buildRules = (
			);
			dependencies = (
			);
			name = quizApp;
			productName = quizApp;
			productReference = 454A8A30277A015D003CE9CD /* quizApp.app */;
			productType = "com.apple.product-type.application";
		};
/* End PBXNativeTarget section */

/* Begin PBXProject section */
		454A8A28277A015D003CE9CD /* Project object */ = {
			isa = PBXProject;
			attributes = {
				BuildIndependentTargetsInParallel = 1;
				LastSwiftUpdateCheck = 1310;
				LastUpgradeCheck = 1310;
				TargetAttributes = {
					454A8A2F277A015D003CE9CD = {
						CreatedOnToolsVersion = 13.1;
					};
				};
			};
			buildConfigurationList = 454A8A2B277A015D003CE9CD /* Build configuration list for PBXProject "quizApp" */;
			compatibilityVersion = "Xcode 13.0";
			developmentRegion = en;
			hasScannedForEncodings = 0;
			knownRegions = (
				en,
				Base,
			);
			mainGroup = 454A8A27277A015D003CE9CD;
			productRefGroup = 454A8A31277A015D003CE9CD /* Products */;
			projectDirPath = "";
			projectRoot = "";
			targets = (
				454A8A2F277A015D003CE9CD /* quizApp */,
			);
		};
/* End PBXProject section */

/* Begin PBXResourcesBuildPhase section */
		454A8A2E277A015D003CE9CD /* Resources */ = {
			isa = PBXResourcesBuildPhase;
			buildActionMask = 2147483647;
			files = (
				454A8A43277A015E003CE9CD /* LaunchScreen.storyboard in Resources */,
				454A8A40277A015E003CE9CD /* Assets.xcassets in Resources */,
				454A8A3B277A015D003CE9CD /* Main.storyboard in Resources */,
			);
			runOnlyForDeploymentPostprocessing = 0;
		};
/* End PBXResourcesBuildPhase section */

/* Begin PBXSourcesBuildPhase section */
		454A8A2C277A015D003CE9CD /* Sources */ = {
			isa = PBXSourcesBuildPhase;
			buildActionMask = 2147483647;
			files = (
				454A8A52277A561C003CE9CD /* MainViewController.swift in Sources */,
				454A8A4E277A0222003CE9CD /* Question.swift in Sources */,
				454A8A38277A015D003CE9CD /* PlayViewController.swift in Sources */,
				454A8A34277A015D003CE9CD /* AppDelegate.swift in Sources */,
				454A8A50277A0320003CE9CD /* QuizBrain.swift in Sources */,
				454A8A3E277A015D003CE9CD /* quizApp.xcdatamodeld in Sources */,
				454A8A36277A015D003CE9CD /* SceneDelegate.swift in Sources */,
				453DA58A27809274002C919B /* ScoreViewController.swift in Sources */,
			);
			runOnlyForDeploymentPostprocessing = 0;
		};
/* End PBXSourcesBuildPhase section */

/* Begin PBXVariantGroup section */
		454A8A39277A015D003CE9CD /* Main.storyboard */ = {
			isa = PBXVariantGroup;
			children = (
				454A8A3A277A015D003CE9CD /* Base */,
			);
			name = Main.storyboard;
			sourceTree = "<group>";
		};
		454A8A41277A015E003CE9CD /* LaunchScreen.storyboard */ = {
			isa = PBXVariantGroup;
			children = (
				454A8A42277A015E003CE9CD /* Base */,
			);
			name = LaunchScreen.storyboard;
			sourceTree = "<group>";
		};
/* End PBXVariantGroup section */

/* Begin XCBuildConfiguration section */
		454A8A45277A015E003CE9CD /* Debug */ = {
			isa = XCBuildConfiguration;
			buildSettings = {
				ALWAYS_SEARCH_USER_PATHS = NO;
				CLANG_ANALYZER_NONNULL = YES;
				CLANG_ANALYZER_NUMBER_OBJECT_CONVERSION = YES_AGGRESSIVE;
				CLANG_CXX_LANGUAGE_STANDARD = "gnu++17";
				CLANG_CXX_LIBRARY = "libc++";
				CLANG_ENABLE_MODULES = YES;
				CLANG_ENABLE_OBJC_ARC = YES;
				CLANG_ENABLE_OBJC_WEAK = YES;
				CLANG_WARN_BLOCK_CAPTURE_AUTORELEASING = YES;
				CLANG_WARN_BOOL_CONVERSION = YES;
				CLANG_WARN_COMMA = YES;
				CLANG_WARN_CONSTANT_CONVERSION = YES;
				CLANG_WARN_DEPRECATED_OBJC_IMPLEMENTATIONS = YES;
				CLANG_WARN_DIRECT_OBJC_ISA_USAGE = YES_ERROR;
				CLANG_WARN_DOCUMENTATION_COMMENTS = YES;
				CLANG_WARN_EMPTY_BODY = YES;
				CLANG_WARN_ENUM_CONVERSION = YES;
				CLANG_WARN_INFINITE_RECURSION = YES;
				CLANG_WARN_INT_CONVERSION = YES;
				CLANG_WARN_NON_LITERAL_NULL_CONVERSION = YES;
				CLANG_WARN_OBJC_IMPLICIT_RETAIN_SELF = YES;
				CLANG_WARN_OBJC_LITERAL_CONVERSION = YES;
				CLANG_WARN_OBJC_ROOT_CLASS = YES_ERROR;
				CLANG_WARN_QUOTED_INCLUDE_IN_FRAMEWORK_HEADER = YES;
				CLANG_WARN_RANGE_LOOP_ANALYSIS = YES;
				CLANG_WARN_STRICT_PROTOTYPES = YES;
				CLANG_WARN_SUSPICIOUS_MOVE = YES;
				CLANG_WARN_UNGUARDED_AVAILABILITY = YES_AGGRESSIVE;
				CLANG_WARN_UNREACHABLE_CODE = YES;
				CLANG_WARN__DUPLICATE_METHOD_MATCH = YES;
				COPY_PHASE_STRIP = NO;
				DEBUG_INFORMATION_FORMAT = dwarf;
				ENABLE_STRICT_OBJC_MSGSEND = YES;
				ENABLE_TESTABILITY = YES;
				GCC_C_LANGUAGE_STANDARD = gnu11;
				GCC_DYNAMIC_NO_PIC = NO;
				GCC_NO_COMMON_BLOCKS = YES;
				GCC_OPTIMIZATION_LEVEL = 0;
				GCC_PREPROCESSOR_DEFINITIONS = (
					"DEBUG=1",
					"$(inherited)",
				);
				GCC_WARN_64_TO_32_BIT_CONVERSION = YES;
				GCC_WARN_ABOUT_RETURN_TYPE = YES_ERROR;
				GCC_WARN_UNDECLARED_SELECTOR = YES;
				GCC_WARN_UNINITIALIZED_AUTOS = YES_AGGRESSIVE;
				GCC_WARN_UNUSED_FUNCTION = YES;
				GCC_WARN_UNUSED_VARIABLE = YES;
				IPHONEOS_DEPLOYMENT_TARGET = 15.0;
				MTL_ENABLE_DEBUG_INFO = INCLUDE_SOURCE;
				MTL_FAST_MATH = YES;
				ONLY_ACTIVE_ARCH = YES;
				SDKROOT = iphoneos;
				SWIFT_ACTIVE_COMPILATION_CONDITIONS = DEBUG;
				SWIFT_OPTIMIZATION_LEVEL = "-Onone";
			};
			name = Debug;
		};
		454A8A46277A015E003CE9CD /* Release */ = {
			isa = XCBuildConfiguration;
			buildSettings = {
				ALWAYS_SEARCH_USER_PATHS = NO;
				CLANG_ANALYZER_NONNULL = YES;
				CLANG_ANALYZER_NUMBER_OBJECT_CONVERSION = YES_AGGRESSIVE;
				CLANG_CXX_LANGUAGE_STANDARD = "gnu++17";
				CLANG_CXX_LIBRARY = "libc++";
				CLANG_ENABLE_MODULES = YES;
				CLANG_ENABLE_OBJC_ARC = YES;
				CLANG_ENABLE_OBJC_WEAK = YES;
				CLANG_WARN_BLOCK_CAPTURE_AUTORELEASING = YES;
				CLANG_WARN_BOOL_CONVERSION = YES;
				CLANG_WARN_COMMA = YES;
				CLANG_WARN_CONSTANT_CONVERSION = YES;
				CLANG_WARN_DEPRECATED_OBJC_IMPLEMENTATIONS = YES;
				CLANG_WARN_DIRECT_OBJC_ISA_USAGE = YES_ERROR;
				CLANG_WARN_DOCUMENTATION_COMMENTS = YES;
				CLANG_WARN_EMPTY_BODY = YES;
				CLANG_WARN_ENUM_CONVERSION = YES;
				CLANG_WARN_INFINITE_RECURSION = YES;
				CLANG_WARN_INT_CONVERSION = YES;
				CLANG_WARN_NON_LITERAL_NULL_CONVERSION = YES;
				CLANG_WARN_OBJC_IMPLICIT_RETAIN_SELF = YES;
				CLANG_WARN_OBJC_LITERAL_CONVERSION = YES;
				CLANG_WARN_OBJC_ROOT_CLASS = YES_ERROR;
				CLANG_WARN_QUOTED_INCLUDE_IN_FRAMEWORK_HEADER = YES;
				CLANG_WARN_RANGE_LOOP_ANALYSIS = YES;
				CLANG_WARN_STRICT_PROTOTYPES = YES;
				CLANG_WARN_SUSPICIOUS_MOVE = YES;
				CLANG_WARN_UNGUARDED_AVAILABILITY = YES_AGGRESSIVE;
				CLANG_WARN_UNREACHABLE_CODE = YES;
				CLANG_WARN__DUPLICATE_METHOD_MATCH = YES;
				COPY_PHASE_STRIP = NO;
				DEBUG_INFORMATION_FORMAT = "dwarf-with-dsym";
				ENABLE_NS_ASSERTIONS = NO;
				ENABLE_STRICT_OBJC_MSGSEND = YES;
				GCC_C_LANGUAGE_STANDARD = gnu11;
				GCC_NO_COMMON_BLOCKS = YES;
				GCC_WARN_64_TO_32_BIT_CONVERSION = YES;
				GCC_WARN_ABOUT_RETURN_TYPE = YES_ERROR;
				GCC_WARN_UNDECLARED_SELECTOR = YES;
				GCC_WARN_UNINITIALIZED_AUTOS = YES_AGGRESSIVE;
				GCC_WARN_UNUSED_FUNCTION = YES;
				GCC_WARN_UNUSED_VARIABLE = YES;
				IPHONEOS_DEPLOYMENT_TARGET = 15.0;
				MTL_ENABLE_DEBUG_INFO = NO;
				MTL_FAST_MATH = YES;
				SDKROOT = iphoneos;
				SWIFT_COMPILATION_MODE = wholemodule;
				SWIFT_OPTIMIZATION_LEVEL = "-O";
				VALIDATE_PRODUCT = YES;
			};
			name = Release;
		};
		454A8A48277A015E003CE9CD /* Debug */ = {
			isa = XCBuildConfiguration;
			buildSettings = {
				ASSETCATALOG_COMPILER_APPICON_NAME = AppIcon;
				ASSETCATALOG_COMPILER_GLOBAL_ACCENT_COLOR_NAME = AccentColor;
				CODE_SIGN_STYLE = Automatic;
				CURRENT_PROJECT_VERSION = 1;
				DEVELOPMENT_TEAM = 45YKL4BVGW;
				GENERATE_INFOPLIST_FILE = YES;
				INFOPLIST_FILE = quizApp/Info.plist;
				INFOPLIST_KEY_UIApplicationSupportsIndirectInputEvents = YES;
				INFOPLIST_KEY_UILaunchStoryboardName = LaunchScreen;
				INFOPLIST_KEY_UIMainStoryboardFile = Main;
				INFOPLIST_KEY_UISupportedInterfaceOrientations = UIInterfaceOrientationPortrait;
				INFOPLIST_KEY_UISupportedInterfaceOrientations_iPad = "UIInterfaceOrientationPortrait UIInterfaceOrientationPortraitUpsideDown UIInterfaceOrientationLandscapeLeft UIInterfaceOrientationLandscapeRight";
				INFOPLIST_KEY_UISupportedInterfaceOrientations_iPhone = "UIInterfaceOrientationPortrait UIInterfaceOrientationLandscapeLeft UIInterfaceOrientationLandscapeRight";
				LD_RUNPATH_SEARCH_PATHS = (
					"$(inherited)",
					"@executable_path/Frameworks",
				);
				MARKETING_VERSION = 1.0;
				PRODUCT_BUNDLE_IDENTIFIER = mustafapala.quizApp;
				PRODUCT_NAME = "$(TARGET_NAME)";
				SWIFT_EMIT_LOC_STRINGS = YES;
				SWIFT_VERSION = 5.0;
				TARGETED_DEVICE_FAMILY = "1,2";
			};
			name = Debug;
		};
		454A8A49277A015E003CE9CD /* Release */ = {
			isa = XCBuildConfiguration;
			buildSettings = {
				ASSETCATALOG_COMPILER_APPICON_NAME = AppIcon;
				ASSETCATALOG_COMPILER_GLOBAL_ACCENT_COLOR_NAME = AccentColor;
				CODE_SIGN_STYLE = Automatic;
				CURRENT_PROJECT_VERSION = 1;
				DEVELOPMENT_TEAM = 45YKL4BVGW;
				GENERATE_INFOPLIST_FILE = YES;
				INFOPLIST_FILE = quizApp/Info.plist;
				INFOPLIST_KEY_UIApplicationSupportsIndirectInputEvents = YES;
				INFOPLIST_KEY_UILaunchStoryboardName = LaunchScreen;
				INFOPLIST_KEY_UIMainStoryboardFile = Main;
				INFOPLIST_KEY_UISupportedInterfaceOrientations = UIInterfaceOrientationPortrait;
				INFOPLIST_KEY_UISupportedInterfaceOrientations_iPad = "UIInterfaceOrientationPortrait UIInterfaceOrientationPortraitUpsideDown UIInterfaceOrientationLandscapeLeft UIInterfaceOrientationLandscapeRight";
				INFOPLIST_KEY_UISupportedInterfaceOrientations_iPhone = "UIInterfaceOrientationPortrait UIInterfaceOrientationLandscapeLeft UIInterfaceOrientationLandscapeRight";
				LD_RUNPATH_SEARCH_PATHS = (
					"$(inherited)",
					"@executable_path/Frameworks",
				);
				MARKETING_VERSION = 1.0;
				PRODUCT_BUNDLE_IDENTIFIER = mustafapala.quizApp;
				PRODUCT_NAME = "$(TARGET_NAME)";
				SWIFT_EMIT_LOC_STRINGS = YES;
				SWIFT_VERSION = 5.0;
				TARGETED_DEVICE_FAMILY = "1,2";
			};
			name = Release;
		};
/* End XCBuildConfiguration section */

/* Begin XCConfigurationList section */
		454A8A2B277A015D003CE9CD /* Build configuration list for PBXProject "quizApp" */ = {
			isa = XCConfigurationList;
			buildConfigurations = (
				454A8A45277A015E003CE9CD /* Debug */,
				454A8A46277A015E003CE9CD /* Release */,
			);
			defaultConfigurationIsVisible = 0;
			defaultConfigurationName = Release;
		};
		454A8A47277A015E003CE9CD /* Build configuration list for PBXNativeTarget "quizApp" */ = {
			isa = XCConfigurationList;
			buildConfigurations = (
				454A8A48277A015E003CE9CD /* Debug */,
				454A8A49277A015E003CE9CD /* Release */,
			);
			defaultConfigurationIsVisible = 0;
			defaultConfigurationName = Release;
		};
/* End XCConfigurationList section */

/* Begin XCVersionGroup section */
		454A8A3C277A015D003CE9CD /* quizApp.xcdatamodeld */ = {
			isa = XCVersionGroup;
			children = (
				454A8A3D277A015D003CE9CD /* quizApp.xcdatamodel */,
			);
			currentVersion = 454A8A3D277A015D003CE9CD /* quizApp.xcdatamodel */;
			path = quizApp.xcdatamodeld;
			sourceTree = "<group>";
			versionGroupType = wrapper.xcdatamodel;
		};
/* End XCVersionGroup section */
	};
	rootObject = 454A8A28277A015D003CE9CD /* Project object */;
}
